
Microsoft Visual Studio Solution File, Format Version 12.00
# Visual Studio Version 16
VisualStudioVersion = 16.0.31112.23
MinimumVisualStudioVersion = 10.0.40219.1
Project("{FAE04EC0-301F-11D3-BF4B-00C04F79EFBC}") = "AgProgramlama", "AgProgramlama\AgProgramlama.csproj", "{141444FC-104F-41D6-AE58-3538D5CC045B}"
EndProject
Global
	GlobalSection(SolutionConfigurationPlatforms) = preSolution
		Debug|Any CPU = Debug|Any CPU
		Release|Any CPU = Release|Any CPU
	EndGlobalSection
	GlobalSection(ProjectConfigurationPlatforms) = postSolution
		{141444FC-104F-41D6-AE58-3538D5CC045B}.Debug|Any CPU.ActiveCfg = Debug|Any CPU
		{141444FC-104F-41D6-AE58-3538D5CC045B}.Debug|Any CPU.Build.0 = Debug|Any CPU
		{141444FC-104F-41D6-AE58-3538D5CC045B}.Release|Any CPU.ActiveCfg = Release|Any CPU
		{141444FC-104F-41D6-AE58-3538D5CC045B}.Release|Any CPU.Build.0 = Release|Any CPU
	EndGlobalSection
	GlobalSection(SolutionProperties) = preSolution
		HideSolutionNode = FALSE
	EndGlobalSection
	GlobalSection(ExtensibilityGlobals) = postSolution
		SolutionGuid = {2444C87F-C4BE-411F-B892-697A4D911E65}
	EndGlobalSection
EndGlobal
